// !$*UTF8*$!
{
	archiveVersion = 1;
	classes = {
	};
	objectVersion = 46;
	objects = {

/* Begin PBXBuildFile section */
		C57077DF1BEC679C008903DD /* main.m in Sources */ = {isa = PBXBuildFile; fileRef = C57077DE1BEC679C008903DD /* main.m */; };
		C57077E21BEC679C008903DD /* AppDelegate.m in Sources */ = {isa = PBXBuildFile; fileRef = C57077E11BEC679C008903DD /* AppDelegate.m */; };
		C57077EE1BEC679C008903DD /* Main.storyboard in Resources */ = {isa = PBXBuildFile; fileRef = C57077EC1BEC679C008903DD /* Main.storyboard */; };
		C57077F01BEC679C008903DD /* Assets.xcassets in Resources */ = {isa = PBXBuildFile; fileRef = C57077EF1BEC679C008903DD /* Assets.xcassets */; };
		C57077F31BEC679C008903DD /* LaunchScreen.storyboard in Resources */ = {isa = PBXBuildFile; fileRef = C57077F11BEC679C008903DD /* LaunchScreen.storyboard */; };
		C57078051BEC6DF8008903DD /* ScrollViewController.m in Sources */ = {isa = PBXBuildFile; fileRef = C57078041BEC6DF8008903DD /* ScrollViewController.m */; };
		C570780A1BECA266008903DD /* ScrollorView.m in Sources */ = {isa = PBXBuildFile; fileRef = C57078091BECA266008903DD /* ScrollorView.m */; };
/* End PBXBuildFile section */

/* Begin PBXFileReference section */
		C57077DA1BEC679C008903DD /* MessingWithScrollView.app */ = {isa = PBXFileReference; explicitFileType = wrapper.application; includeInIndex = 0; path = MessingWithScrollView.app; sourceTree = BUILT_PRODUCTS_DIR; };
		C57077DE1BEC679C008903DD /* main.m */ = {isa = PBXFileReference; lastKnownFileType = sourcecode.c.objc; path = main.m; sourceTree = "<group>"; };
		C57077E01BEC679C008903DD /* AppDelegate.h */ = {isa = PBXFileReference; lastKnownFileType = sourcecode.c.h; path = AppDelegate.h; sourceTree = "<group>"; };
		C57077E11BEC679C008903DD /* AppDelegate.m */ = {isa = PBXFileReference; lastKnownFileType = sourcecode.c.objc; path = AppDelegate.m; sourceTree = "<group>"; };
		C57077ED1BEC679C008903DD /* Base */ = {isa = PBXFileReference; lastKnownFileType = file.storyboard; name = Base; path = Base.lproj/Main.storyboard; sourceTree = "<group>"; };
		C57077EF1BEC679C008903DD /* Assets.xcassets */ = {isa = PBXFileReference; lastKnownFileType = folder.assetcatalog; path = Assets.xcassets; sourceTree = "<group>"; };
		C57077F21BEC679C008903DD /* Base */ = {isa = PBXFileReference; lastKnownFileType = file.storyboard; name = Base; path = Base.lproj/LaunchScreen.storyboard; sourceTree = "<group>"; };
		C57077F41BEC679C008903DD /* Info.plist */ = {isa = PBXFileReference; lastKnownFileType = text.plist.xml; path = Info.plist; sourceTree = "<group>"; };
		C57078031BEC6DF8008903DD /* ScrollViewController.h */ = {isa = PBXFileReference; fileEncoding = 4; lastKnownFileType = sourcecode.c.h; name = ScrollViewController.h; path = ../ScrollViewController.h; sourceTree = "<group>"; };
		C57078041BEC6DF8008903DD /* ScrollViewController.m */ = {isa = PBXFileReference; fileEncoding = 4; lastKnownFileType = sourcecode.c.objc; name = ScrollViewController.m; path = ../ScrollViewController.m; sourceTree = "<group>"; };
		C57078081BECA266008903DD /* ScrollorView.h */ = {isa = PBXFileReference; fileEncoding = 4; lastKnownFileType = sourcecode.c.h; path = ScrollorView.h; sourceTree = "<group>"; };
		C57078091BECA266008903DD /* ScrollorView.m */ = {isa = PBXFileReference; fileEncoding = 4; lastKnownFileType = sourcecode.c.objc; path = ScrollorView.m; sourceTree = "<group>"; };
/* End PBXFileReference section */

/* Begin PBXFrameworksBuildPhase section */
		C57077D71BEC679C008903DD /* Frameworks */ = {
			isa = PBXFrameworksBuildPhase;
			buildActionMask = 2147483647;
			files = (
			);
			runOnlyForDeploymentPostprocessing = 0;
		};
/* End PBXFrameworksBuildPhase section */

/* Begin PBXGroup section */
		C505FCF61BEDA1DE00CCCDCB /* View */ = {
			isa = PBXGroup;
			children = (
				C57078081BECA266008903DD /* ScrollorView.h */,
				C57078091BECA266008903DD /* ScrollorView.m */,
			);
			name = View;
			sourceTree = "<group>";
		};
		C505FCF71BEDA1E300CCCDCB /* Controller */ = {
			isa = PBXGroup;
			children = (
				C57078031BEC6DF8008903DD /* ScrollViewController.h */,
				C57078041BEC6DF8008903DD /* ScrollViewController.m */,
			);
			name = Controller;
			sourceTree = "<group>";
		};
		C57077D11BEC679C008903DD = {
			isa = PBXGroup;
			children = (
				C57077DC1BEC679C008903DD /* MessingWithScrollView */,
				C57077DB1BEC679C008903DD /* Products */,
			);
			sourceTree = "<group>";
		};
		C57077DB1BEC679C008903DD /* Products */ = {
			isa = PBXGroup;
			children = (
				C57077DA1BEC679C008903DD /* MessingWithScrollView.app */,
			);
			name = Products;
			sourceTree = "<group>";
		};
		C57077DC1BEC679C008903DD /* MessingWithScrollView */ = {
			isa = PBXGroup;
			children = (
				C57077EF1BEC679C008903DD /* Assets.xcassets */,
				C57077EC1BEC679C008903DD /* Main.storyboard */,
				C505FCF71BEDA1E300CCCDCB /* Controller */,
				C505FCF61BEDA1DE00CCCDCB /* View */,
				C57078071BEC6E21008903DD /* Model */,
				C57077F11BEC679C008903DD /* LaunchScreen.storyboard */,
				C57077F41BEC679C008903DD /* Info.plist */,
				C57077DD1BEC679C008903DD /* Supporting Files */,
			);
			path = MessingWithScrollView;
			sourceTree = "<group>";
		};
		C57077DD1BEC679C008903DD /* Supporting Files */ = {
			isa = PBXGroup;
			children = (
				C57077DE1BEC679C008903DD /* main.m */,
			);
			name = "Supporting Files";
			sourceTree = "<group>";
		};
		C57078071BEC6E21008903DD /* Model */ = {
			isa = PBXGroup;
			children = (
				C57077E01BEC679C008903DD /* AppDelegate.h */,
				C57077E11BEC679C008903DD /* AppDelegate.m */,
			);
			name = Model;
			sourceTree = "<group>";
		};
/* End PBXGroup section */

/* Begin PBXNativeTarget section */
		C57077D91BEC679C008903DD /* MessingWithScrollView */ = {
			isa = PBXNativeTarget;
			buildConfigurationList = C57077F71BEC679C008903DD /* Build configuration list for PBXNativeTarget "MessingWithScrollView" */;
			buildPhases = (
				C57077D61BEC679C008903DD /* Sources */,
				C57077D71BEC679C008903DD /* Frameworks */,
				C57077D81BEC679C008903DD /* Resources */,
			);
			buildRules = (
			);
			dependencies = (
			);
			name = MessingWithScrollView;
			productName = MessingWithScrollView;
			productReference = C57077DA1BEC679C008903DD /* MessingWithScrollView.app */;
			productType = "com.apple.product-type.application";
		};
/* End PBXNativeTarget section */

/* Begin PBXProject section */
		C57077D21BEC679C008903DD /* Project object */ = {
			isa = PBXProject;
			attributes = {
				LastUpgradeCheck = 0710;
				ORGANIZATIONNAME = "Roger Oba";
				TargetAttributes = {
					C57077D91BEC679C008903DD = {
						CreatedOnToolsVersion = 7.1;
					};
				};
			};
			buildConfigurationList = C57077D51BEC679C008903DD /* Build configuration list for PBXProject "MessingWithScrollView" */;
			compatibilityVersion = "Xcode 3.2";
			developmentRegion = English;
			hasScannedForEncodings = 0;
			knownRegions = (
				en,
				Base,
			);
			mainGroup = C57077D11BEC679C008903DD;
			productRefGroup = C57077DB1BEC679C008903DD /* Products */;
			projectDirPath = "";
			projectRoot = "";
			targets = (
				C57077D91BEC679C008903DD /* MessingWithScrollView */,
			);
		};
/* End PBXProject section */

/* Begin PBXResourcesBuildPhase section */
		C57077D81BEC679C008903DD /* Resources */ = {
			isa = PBXResourcesBuildPhase;
			buildActionMask = 2147483647;
			files = (
				C57077F31BEC679C008903DD /* LaunchScreen.storyboard in Resources */,
				C57077F01BEC679C008903DD /* Assets.xcassets in Resources */,
				C57077EE1BEC679C008903DD /* Main.storyboard in Resources */,
			);
			runOnlyForDeploymentPostprocessing = 0;
		};
/* End PBXResourcesBuildPhase section */

/* Begin PBXSourcesBuildPhase section */
		C57077D61BEC679C008903DD /* Sources */ = {
			isa = PBXSourcesBuildPhase;
			buildActionMask = 2147483647;
			files = (
				C57077E21BEC679C008903DD /* AppDelegate.m in Sources */,
				C57078051BEC6DF8008903DD /* ScrollViewController.m in Sources */,
				C57077DF1BEC679C008903DD /* main.m in Sources */,
				C570780A1BECA266008903DD /* ScrollorView.m in Sources */,
			);
			runOnlyForDeploymentPostprocessing = 0;
		};
/* End PBXSourcesBuildPhase section */

/* Begin PBXVariantGroup section */
		C57077EC1BEC679C008903DD /* Main.storyboard */ = {
			isa = PBXVariantGroup;
			children = (
				C57077ED1BEC679C008903DD /* Base */,
			);
			name = Main.storyboard;
			sourceTree = "<group>";
		};
		C57077F11BEC679C008903DD /* LaunchScreen.storyboard */ = {
			isa = PBXVariantGroup;
			children = (
				C57077F21BEC679C008903DD /* Base */,
			);
			name = LaunchScreen.storyboard;
			sourceTree = "<group>";
		};
/* End PBXVariantGroup section */

/* Begin XCBuildConfiguration section */
		C57077F51BEC679C008903DD /* Debug */ = {
			isa = XCBuildConfiguration;
			buildSettings = {
				ALWAYS_SEARCH_USER_PATHS = NO;
				CLANG_CXX_LANGUAGE_STANDARD = "gnu++0x";
				CLANG_CXX_LIBRARY = "libc++";
				CLANG_ENABLE_MODULES = YES;
				CLANG_ENABLE_OBJC_ARC = YES;
				CLANG_WARN_BOOL_CONVERSION = YES;
				CLANG_WARN_CONSTANT_CONVERSION = YES;
				CLANG_WARN_DIRECT_OBJC_ISA_USAGE = YES_ERROR;
				CLANG_WARN_EMPTY_BODY = YES;
				CLANG_WARN_ENUM_CONVERSION = YES;
				CLANG_WARN_INT_CONVERSION = YES;
				CLANG_WARN_OBJC_ROOT_CLASS = YES_ERROR;
				CLANG_WARN_UNREACHABLE_CODE = YES;
				CLANG_WARN__DUPLICATE_METHOD_MATCH = YES;
				"CODE_SIGN_IDENTITY[sdk=iphoneos*]" = "iPhone Developer";
				COPY_PHASE_STRIP = NO;
				DEBUG_INFORMATION_FORMAT = dwarf;
				ENABLE_STRICT_OBJC_MSGSEND = YES;
				ENABLE_TESTABILITY = YES;
				GCC_C_LANGUAGE_STANDARD = gnu99;
				GCC_DYNAMIC_NO_PIC = NO;
				GCC_NO_COMMON_BLOCKS = YES;
				GCC_OPTIMIZATION_LEVEL = 0;
				GCC_PREPROCESSOR_DEFINITIONS = (
					"DEBUG=1",
					"$(inherited)",
				);
				GCC_WARN_64_TO_32_BIT_CONVERSION = YES;
				GCC_WARN_ABOUT_RETURN_TYPE = YES_ERROR;
				GCC_WARN_UNDECLARED_SELECTOR = YES;
				GCC_WARN_UNINITIALIZED_AUTOS = YES_AGGRESSIVE;
				GCC_WARN_UNUSED_FUNCTION = YES;
				GCC_WARN_UNUSED_VARIABLE = YES;
				IPHONEOS_DEPLOYMENT_TARGET = 9.1;
				MTL_ENABLE_DEBUG_INFO = YES;
				ONLY_ACTIVE_ARCH = YES;
				SDKROOT = iphoneos;
				TARGETED_DEVICE_FAMILY = "1,2";
			};
			name = Debug;
		};
		C57077F61BEC679C008903DD /* Release */ = {
			isa = XCBuildConfiguration;
			buildSettings = {
				ALWAYS_SEARCH_USER_PATHS = NO;
				CLANG_CXX_LANGUAGE_STANDARD = "gnu++0x";
				CLANG_CXX_LIBRARY = "libc++";
				CLANG_ENABLE_MODULES = YES;
				CLANG_ENABLE_OBJC_ARC = YES;
				CLANG_WARN_BOOL_CONVERSION = YES;
				CLANG_WARN_CONSTANT_CONVERSION = YES;
				CLANG_WARN_DIRECT_OBJC_ISA_USAGE = YES_ERROR;
				CLANG_WARN_EMPTY_BODY = YES;
				CLANG_WARN_ENUM_CONVERSION = YES;
				CLANG_WARN_INT_CONVERSION = YES;
				CLANG_WARN_OBJC_ROOT_CLASS = YES_ERROR;
				CLANG_WARN_UNREACHABLE_CODE = YES;
				CLANG_WARN__DUPLICATE_METHOD_MATCH = YES;
				"CODE_SIGN_IDENTITY[sdk=iphoneos*]" = "iPhone Developer";
				COPY_PHASE_STRIP = NO;
				DEBUG_INFORMATION_FORMAT = "dwarf-with-dsym";
				ENABLE_NS_ASSERTIONS = NO;
				ENABLE_STRICT_OBJC_MSGSEND = YES;
				GCC_C_LANGUAGE_STANDARD = gnu99;
				GCC_NO_COMMON_BLOCKS = YES;
				GCC_WARN_64_TO_32_BIT_CONVERSION = YES;
				GCC_WARN_ABOUT_RETURN_TYPE = YES_ERROR;
				GCC_WARN_UNDECLARED_SELECTOR = YES;
				GCC_WARN_UNINITIALIZED_AUTOS = YES_AGGRESSIVE;
				GCC_WARN_UNUSED_FUNCTION = YES;
				GCC_WARN_UNUSED_VARIABLE = YES;
				IPHONEOS_DEPLOYMENT_TARGET = 9.1;
				MTL_ENABLE_DEBUG_INFO = NO;
				SDKROOT = iphoneos;
				TARGETED_DEVICE_FAMILY = "1,2";
				VALIDATE_PRODUCT = YES;
			};
			name = Release;
		};
		C57077F81BEC679C008903DD /* Debug */ = {
			isa = XCBuildConfiguration;
			buildSettings = {
				ASSETCATALOG_COMPILER_APPICON_NAME = AppIcon;
				INFOPLIST_FILE = MessingWithScrollView/Info.plist;
				IPHONEOS_DEPLOYMENT_TARGET = 8.0;
				LD_RUNPATH_SEARCH_PATHS = "$(inherited) @executable_path/Frameworks";
				PRODUCT_BUNDLE_IDENTIFIER = com.rogeroba.MessingWithScrollView;
				PRODUCT_NAME = "$(TARGET_NAME)";
			};
			name = Debug;
		};
		C57077F91BEC679C008903DD /* Release */ = {
			isa = XCBuildConfiguration;
			buildSettings = {
				ASSETCATALOG_COMPILER_APPICON_NAME = AppIcon;
				INFOPLIST_FILE = MessingWithScrollView/Info.plist;
				IPHONEOS_DEPLOYMENT_TARGET = 8.0;
				LD_RUNPATH_SEARCH_PATHS = "$(inherited) @executable_path/Frameworks";
				PRODUCT_BUNDLE_IDENTIFIER = com.rogeroba.MessingWithScrollView;
				PRODUCT_NAME = "$(TARGET_NAME)";
			};
			name = Release;
		};
/* End XCBuildConfiguration section */

/* Begin XCConfigurationList section */
		C57077D51BEC679C008903DD /* Build configuration list for PBXProject "MessingWithScrollView" */ = {
			isa = XCConfigurationList;
			buildConfigurations = (
				C57077F51BEC679C008903DD /* Debug */,
				C57077F61BEC679C008903DD /* Release */,
			);
			defaultConfigurationIsVisible = 0;
			defaultConfigurationName = Release;
		};
		C57077F71BEC679C008903DD /* Build configuration list for PBXNativeTarget "MessingWithScrollView" */ = {
			isa = XCConfigurationList;
			buildConfigurations = (
				C57077F81BEC679C008903DD /* Debug */,
				C57077F91BEC679C008903DD /* Release */,
			);
			defaultConfigurationIsVisible = 0;
			defaultConfigurationName = Release;
		};
/* End XCConfigurationList section */
	};
	rootObject = C57077D21BEC679C008903DD /* Project object */;
}
